{
  "name": "Node-Webiste-EB-Sample-App",
  "version": "0.0.1",
  "lockfileVersion": 1,
  "requires": true,
  "dependencies": {
    "@types/body-parser": {
      "version": "1.16.8",
      "resolved": "http://repo.cards.a2z.com/artifactory/api/npm/npm/@types/body-parser/-/body-parser-1.16.8.tgz",
      "integrity": "sha1-aH7DQUBiSjvsKxqOqSaEeK6PO+M=",
      "dev": true,
      "requires": {
        "@types/express": "4.11.1",
        "@types/node": "9.4.6"
      }
    },
    "@types/events": {
      "version": "1.2.0",
      "resolved": "http://repo.cards.a2z.com/artifactory/api/npm/npm/@types/events/-/events-1.2.0.tgz",
      "integrity": "sha1-gaZzHOTfQ2GeXIyUU4Oz5iqJ6oY=",
      "dev": true
    },
    "@types/express": {
      "version": "4.11.1",
      "resolved": "http://repo.cards.a2z.com/artifactory/api/npm/npm/@types/express/-/express-4.11.1.tgz",
      "integrity": "sha1-+ZZjs6sy0EyxHbYS713Xkz91Rls=",
      "dev": true,
      "requires": {
        "@types/body-parser": "1.16.8",
        "@types/express-serve-static-core": "4.11.1",
        "@types/serve-static": "1.13.1"
      }
    },
    "@types/express-serve-static-core": {
      "version": "4.11.1",
      "resolved": "http://repo.cards.a2z.com/artifactory/api/npm/npm/@types/express-serve-static-core/-/express-serve-static-core-4.11.1.tgz",
      "integrity": "sha1-9vchI4LVmxnWlmd7yqSKNygPXUU=",
      "dev": true,
      "requires": {
        "@types/events": "1.2.0",
        "@types/node": "9.4.6"
      }
    },
    "@types/mime": {
      "version": "2.0.0",
      "resolved": "http://repo.cards.a2z.com/artifactory/api/npm/npm/@types/mime/-/mime-2.0.0.tgz",
      "integrity": "sha1-WnMG42fFObn2VDSZ3o3VGfrDeos=",
      "dev": true
    },
    "@types/node": {
      "version": "9.4.6",
      "resolved": "http://repo.cards.a2z.com/artifactory/api/npm/npm/@types/node/-/node-9.4.6.tgz",
      "integrity": "sha1-2Bdthk7kh1PQU3g+TkY67Ia42C4=",
      "dev": true
    },
    "@types/serve-static": {
      "version": "1.13.1",
      "resolved": "http://repo.cards.a2z.com/artifactory/api/npm/npm/@types/serve-static/-/serve-static-1.13.1.tgz",
      "integrity": "sha1-HSgB+mNdJ0zZfU7AfiayG0QSdJI=",
      "dev": true,
      "requires": {
        "@types/express-serve-static-core": "4.11.1",
        "@types/mime": "2.0.0"
      }
    },
    "accepts": {
      "version": "1.3.5",
      "resolved": "http://repo.cards.a2z.com/artifactory/api/npm/npm/accepts/-/accepts-1.3.5.tgz",
      "integrity": "sha1-63d99gEXI6OxTopywIBcjoZ0a9I=",
      "requires": {
        "mime-types": "2.1.18",
        "negotiator": "0.6.1"
      }
    },
    "ansi-regex": {
      "version": "2.1.1",
      "resolved": "http://repo.cards.a2z.com/artifactory/api/npm/npm/ansi-regex/-/ansi-regex-2.1.1.tgz",
      "integrity": "sha1-w7M6te42DYbg5ijwRorn7yfWVN8=",
      "dev": true
    },
    "ansi-styles": {
      "version": "2.2.1",
      "resolved": "http://repo.cards.a2z.com/artifactory/api/npm/npm/ansi-styles/-/ansi-styles-2.2.1.tgz",
      "integrity": "sha1-tDLdM1i2NM914eRmQ2gkBTPB3b4=",
      "dev": true
    },
    "argparse": {
      "version": "1.0.10",
      "resolved": "http://repo.cards.a2z.com/artifactory/api/npm/npm/argparse/-/argparse-1.0.10.tgz",
      "integrity": "sha1-vNZ5HqWuCXJeF+WtmIE0zUCz2RE=",
      "dev": true,
      "requires": {
        "sprintf-js": "1.0.3"
      }
    },
    "array-flatten": {
      "version": "1.1.1",
      "resolved": "http://repo.cards.a2z.com/artifactory/api/npm/npm/array-flatten/-/array-flatten-1.1.1.tgz",
      "integrity": "sha1-ml9pkFGx5wczKPKgCJaLZOopVdI="
    },
    "async": {
      "version": "0.9.2",
      "resolved": "http://repo.cards.a2z.com/artifactory/api/npm/npm/async/-/async-0.9.2.tgz",
      "integrity": "sha1-rqdNXmHB+JlhO/ZL2mbUx48v0X0=",
      "dev": true
    },
    "asynckit": {
      "version": "0.4.0",
      "resolved": "http://repo.cards.a2z.com/artifactory/api/npm/npm/asynckit/-/asynckit-0.4.0.tgz",
      "integrity": "sha1-x57Zf380y48robyXkLzDZkdLS3k=",
      "dev": true
    },
    "babel-code-frame": {
      "version": "6.26.0",
      "resolved": "http://repo.cards.a2z.com/artifactory/api/npm/npm/babel-code-frame/-/babel-code-frame-6.26.0.tgz",
      "integrity": "sha1-Y/1D99weO7fONZR9uP42mj9Yx0s=",
      "dev": true,
      "requires": {
        "chalk": "1.1.3",
        "esutils": "2.0.2",
        "js-tokens": "3.0.2"
      },
      "dependencies": {
        "chalk": {
          "version": "1.1.3",
          "resolved": "http://repo.cards.a2z.com/artifactory/api/npm/npm/chalk/-/chalk-1.1.3.tgz",
          "integrity": "sha1-qBFcVeSnAv5NFQq9OHKCKn4J/Jg=",
          "dev": true,
          "requires": {
            "ansi-styles": "2.2.1",
            "escape-string-regexp": "1.0.5",
            "has-ansi": "2.0.0",
            "strip-ansi": "3.0.1",
            "supports-color": "2.0.0"
          }
        },
        "supports-color": {
          "version": "2.0.0",
          "resolved": "http://repo.cards.a2z.com/artifactory/api/npm/npm/supports-color/-/supports-color-2.0.0.tgz",
          "integrity": "sha1-U10EXOa2Nj+kARcIRimZXp3zJMc=",
          "dev": true
        }
      }
    },
    "balanced-match": {
      "version": "1.0.0",
      "resolved": "http://repo.cards.a2z.com/artifactory/api/npm/npm/balanced-match/-/balanced-match-1.0.0.tgz",
      "integrity": "sha1-ibTRmasr7kneFk6gK4nORi1xt2c=",
      "dev": true
    },
    "bluebird": {
      "version": "2.11.0",
      "resolved": "http://repo.cards.a2z.com/artifactory/api/npm/npm/bluebird/-/bluebird-2.11.0.tgz",
      "integrity": "sha1-U0uQM8AiyVecVro7Plpcqvu2UOE=",
      "dev": true
    },
    "body-parser": {
      "version": "1.18.2",
      "resolved": "http://repo.cards.a2z.com/artifactory/api/npm/npm/body-parser/-/body-parser-1.18.2.tgz",
      "integrity": "sha1-h2eKGdhLR9hZuDGZvVm84iKxBFQ=",
      "requires": {
        "bytes": "3.0.0",
        "content-type": "1.0.4",
        "debug": "2.6.9",
        "depd": "1.1.2",
        "http-errors": "1.6.2",
        "iconv-lite": "0.4.19",
        "on-finished": "2.3.0",
        "qs": "6.5.1",
        "raw-body": "2.3.2",
        "type-is": "1.6.16"
      },
      "dependencies": {
        "debug": {
          "version": "2.6.9",
          "resolved": "http://repo.cards.a2z.com/artifactory/api/npm/npm/debug/-/debug-2.6.9.tgz",
          "integrity": "sha1-XRKFFd8TT/Mn6QpMk/Tgd6U2NB8=",
          "requires": {
            "ms": "2.0.0"
          }
        }
      }
    },
    "brace-expansion": {
      "version": "1.1.11",
      "resolved": "http://repo.cards.a2z.com/artifactory/api/npm/npm/brace-expansion/-/brace-expansion-1.1.11.tgz",
      "integrity": "sha1-PH/L9SnYcibz0vUrlm/1Jx60Qd0=",
      "dev": true,
      "requires": {
        "balanced-match": "1.0.0",
        "concat-map": "0.0.1"
      }
    },
    "browser-stdout": {
      "version": "1.3.0",
      "resolved": "http://repo.cards.a2z.com/artifactory/api/npm/npm/browser-stdout/-/browser-stdout-1.3.0.tgz",
      "integrity": "sha1-81HTKWnTL6XXpVZxVCY9korjvR8=",
      "dev": true
    },
    "builtin-modules": {
      "version": "1.1.1",
      "resolved": "http://repo.cards.a2z.com/artifactory/api/npm/npm/builtin-modules/-/builtin-modules-1.1.1.tgz",
      "integrity": "sha1-Jw8HbFpywC9bZaR9+Uxf46J4iS8=",
      "dev": true
    },
    "bytes": {
      "version": "3.0.0",
      "resolved": "http://repo.cards.a2z.com/artifactory/api/npm/npm/bytes/-/bytes-3.0.0.tgz",
      "integrity": "sha1-0ygVQE1olpn4Wk6k+odV3ROpYEg="
    },
    "chalk": {
      "version": "2.3.2",
      "resolved": "http://repo.cards.a2z.com/artifactory/api/npm/npm/chalk/-/chalk-2.3.2.tgz",
      "integrity": "sha1-JQ3JawdJG/1gHmSNZt319gx6XGU=",
      "dev": true,
      "requires": {
        "ansi-styles": "3.2.1",
        "escape-string-regexp": "1.0.5",
        "supports-color": "5.3.0"
      },
      "dependencies": {
        "ansi-styles": {
          "version": "3.2.1",
          "resolved": "http://repo.cards.a2z.com/artifactory/api/npm/npm/ansi-styles/-/ansi-styles-3.2.1.tgz",
          "integrity": "sha1-QfuyAkPlCxK+DwS43tvwdSDOhB0=",
          "dev": true,
          "requires": {
            "color-convert": "1.9.1"
          }
        },
        "has-flag": {
          "version": "3.0.0",
          "resolved": "http://repo.cards.a2z.com/artifactory/api/npm/npm/has-flag/-/has-flag-3.0.0.tgz",
          "integrity": "sha1-tdRU3CGZriJWmfNGfloH87lVuv0=",
          "dev": true
        },
        "supports-color": {
          "version": "5.3.0",
          "resolved": "http://repo.cards.a2z.com/artifactory/api/npm/npm/supports-color/-/supports-color-5.3.0.tgz",
          "integrity": "sha1-WySsFduA+pJ89SJ6SjP9PEx2dsA=",
          "dev": true,
          "requires": {
            "has-flag": "3.0.0"
          }
        }
      }
    },
    "color-convert": {
      "version": "1.9.1",
      "resolved": "http://repo.cards.a2z.com/artifactory/api/npm/npm/color-convert/-/color-convert-1.9.1.tgz",
      "integrity": "sha1-wSYRB66y8pTr/+ye2eytUppgl+0=",
      "dev": true,
      "requires": {
        "color-name": "1.1.3"
      }
    },
    "color-name": {
      "version": "1.1.3",
      "resolved": "http://repo.cards.a2z.com/artifactory/api/npm/npm/color-name/-/color-name-1.1.3.tgz",
      "integrity": "sha1-p9BVi9icQveV3UIyj3QIMcpTvCU=",
      "dev": true
    },
    "combined-stream": {
      "version": "1.0.6",
      "resolved": "http://repo.cards.a2z.com/artifactory/api/npm/npm/combined-stream/-/combined-stream-1.0.6.tgz",
      "integrity": "sha1-cj599ugBrFYTETp+RFqbactjKBg=",
      "dev": true,
      "requires": {
        "delayed-stream": "1.0.0"
      }
    },
    "commander": {
      "version": "2.11.0",
      "resolved": "http://repo.cards.a2z.com/artifactory/api/npm/npm/commander/-/commander-2.11.0.tgz",
      "integrity": "sha1-FXFS/R56bI2YpbcVzzdt+SgARWM=",
      "dev": true
    },
    "component-emitter": {
      "version": "1.2.1",
      "resolved": "http://repo.cards.a2z.com/artifactory/api/npm/npm/component-emitter/-/component-emitter-1.2.1.tgz",
      "integrity": "sha1-E3kY1teCg/ffemt8WmPhQOaUJeY=",
      "dev": true
    },
    "concat-map": {
      "version": "0.0.1",
      "resolved": "http://repo.cards.a2z.com/artifactory/api/npm/npm/concat-map/-/concat-map-0.0.1.tgz",
      "integrity": "sha1-2Klr13/Wjfd5OnMDajug1UBdR3s=",
      "dev": true
    },
    "content-disposition": {
      "version": "0.5.2",
      "resolved": "http://repo.cards.a2z.com/artifactory/api/npm/npm/content-disposition/-/content-disposition-0.5.2.tgz",
      "integrity": "sha1-DPaLud318r55YcOoUXjLhdunjLQ="
    },
    "content-type": {
      "version": "1.0.4",
      "resolved": "http://repo.cards.a2z.com/artifactory/api/npm/npm/content-type/-/content-type-1.0.4.tgz",
      "integrity": "sha1-4TjMdeBAxyexlm/l5fjJruJW/js="
    },
    "cookie": {
      "version": "0.3.1",
      "resolved": "http://repo.cards.a2z.com/artifactory/api/npm/npm/cookie/-/cookie-0.3.1.tgz",
      "integrity": "sha1-5+Ch+e9DtMi6klxcWpboBtFoc7s="
    },
    "cookie-signature": {
      "version": "1.0.6",
      "resolved": "http://repo.cards.a2z.com/artifactory/api/npm/npm/cookie-signature/-/cookie-signature-1.0.6.tgz",
      "integrity": "sha1-4wOogrNCzD7oylE6eZmXNNqzriw="
    },
    "cookiejar": {
      "version": "2.1.1",
      "resolved": "http://repo.cards.a2z.com/artifactory/api/npm/npm/cookiejar/-/cookiejar-2.1.1.tgz",
      "integrity": "sha1-Qa1XsbVVlR7BcUEqgZQrHoIA00o=",
      "dev": true
    },
    "core-util-is": {
      "version": "1.0.2",
      "resolved": "http://repo.cards.a2z.com/artifactory/api/npm/npm/core-util-is/-/core-util-is-1.0.2.tgz",
      "integrity": "sha1-tf1UIgqivFq1eqtxQMlAdUUDwac=",
      "dev": true
    },
    "debug": {
      "version": "3.1.0",
      "resolved": "http://repo.cards.a2z.com/artifactory/api/npm/npm/debug/-/debug-3.1.0.tgz",
      "integrity": "sha1-W7WgZyYotkFJVmuhaBnmFRjGcmE=",
      "dev": true,
      "requires": {
        "ms": "2.0.0"
      }
    },
    "delayed-stream": {
      "version": "1.0.0",
      "resolved": "http://repo.cards.a2z.com/artifactory/api/npm/npm/delayed-stream/-/delayed-stream-1.0.0.tgz",
      "integrity": "sha1-3zrhmayt+31ECqrgsp4icrJOxhk=",
      "dev": true
    },
    "depd": {
      "version": "1.1.2",
      "resolved": "http://repo.cards.a2z.com/artifactory/api/npm/npm/depd/-/depd-1.1.2.tgz",
      "integrity": "sha1-m81S4UwJd2PnSbJ0xDRu0uVgtak="
    },
    "destroy": {
      "version": "1.0.4",
      "resolved": "http://repo.cards.a2z.com/artifactory/api/npm/npm/destroy/-/destroy-1.0.4.tgz",
      "integrity": "sha1-l4hXRCxEdJ5CBmE+N5RiBYJqvYA="
    },
    "diff": {
      "version": "3.3.1",
      "resolved": "http://repo.cards.a2z.com/artifactory/api/npm/npm/diff/-/diff-3.3.1.tgz",
      "integrity": "sha1-qoVnpu7QPFMfyJ0/cRzQ5SWd7HU=",
      "dev": true
    },
    "ee-first": {
      "version": "1.1.1",
      "resolved": "http://repo.cards.a2z.com/artifactory/api/npm/npm/ee-first/-/ee-first-1.1.1.tgz",
      "integrity": "sha1-WQxhFWsK4vTwJVcyoViyZrxWsh0="
    },
    "encodeurl": {
      "version": "1.0.2",
      "resolved": "http://repo.cards.a2z.com/artifactory/api/npm/npm/encodeurl/-/encodeurl-1.0.2.tgz",
      "integrity": "sha1-rT/0yG7C0CkyL1oCw6mmBslbP1k="
    },
    "escape-html": {
      "version": "1.0.3",
      "resolved": "http://repo.cards.a2z.com/artifactory/api/npm/npm/escape-html/-/escape-html-1.0.3.tgz",
      "integrity": "sha1-Aljq5NPQwJdN4cFpGI7wBR0dGYg="
    },
    "escape-string-regexp": {
      "version": "1.0.5",
      "resolved": "http://repo.cards.a2z.com/artifactory/api/npm/npm/escape-string-regexp/-/escape-string-regexp-1.0.5.tgz",
      "integrity": "sha1-G2HAViGQqN/2rjuyzwIAyhMLhtQ=",
      "dev": true
    },
    "esprima": {
      "version": "4.0.0",
      "resolved": "http://repo.cards.a2z.com/artifactory/api/npm/npm/esprima/-/esprima-4.0.0.tgz",
      "integrity": "sha1-RJnt3NERDgshi6zy+n9/WfVcqAQ=",
      "dev": true
    },
    "esutils": {
      "version": "2.0.2",
      "resolved": "http://repo.cards.a2z.com/artifactory/api/npm/npm/esutils/-/esutils-2.0.2.tgz",
      "integrity": "sha1-Cr9PHKpbyx96nYrMbepPqqBLrJs=",
      "dev": true
    },
    "etag": {
      "version": "1.8.1",
      "resolved": "http://repo.cards.a2z.com/artifactory/api/npm/npm/etag/-/etag-1.8.1.tgz",
      "integrity": "sha1-Qa4u62XvpiJorr/qg6x9eSmbCIc="
    },
    "express": {
      "version": "4.16.2",
      "resolved": "http://repo.cards.a2z.com/artifactory/api/npm/npm/express/-/express-4.16.2.tgz",
      "integrity": "sha1-41xt/i1kt9ygpc1PIXgb4ymeB2w=",
      "requires": {
        "accepts": "1.3.5",
        "array-flatten": "1.1.1",
        "body-parser": "1.18.2",
        "content-disposition": "0.5.2",
        "content-type": "1.0.4",
        "cookie": "0.3.1",
        "cookie-signature": "1.0.6",
        "debug": "2.6.9",
        "depd": "1.1.2",
        "encodeurl": "1.0.2",
        "escape-html": "1.0.3",
        "etag": "1.8.1",
        "finalhandler": "1.1.0",
        "fresh": "0.5.2",
        "merge-descriptors": "1.0.1",
        "methods": "1.1.2",
        "on-finished": "2.3.0",
        "parseurl": "1.3.2",
        "path-to-regexp": "0.1.7",
        "proxy-addr": "2.0.3",
        "qs": "6.5.1",
        "range-parser": "1.2.0",
        "safe-buffer": "5.1.1",
        "send": "0.16.1",
        "serve-static": "1.13.1",
        "setprototypeof": "1.1.0",
        "statuses": "1.3.1",
        "type-is": "1.6.16",
        "utils-merge": "1.0.1",
        "vary": "1.1.2"
      },
      "dependencies": {
        "debug": {
          "version": "2.6.9",
          "resolved": "http://repo.cards.a2z.com/artifactory/api/npm/npm/debug/-/debug-2.6.9.tgz",
          "integrity": "sha1-XRKFFd8TT/Mn6QpMk/Tgd6U2NB8=",
          "requires": {
            "ms": "2.0.0"
          }
        }
      }
    },
    "extend": {
      "version": "3.0.1",
      "resolved": "http://repo.cards.a2z.com/artifactory/api/npm/npm/extend/-/extend-3.0.1.tgz",
      "integrity": "sha1-p1Xqe8Gt/MWjHOfnYtuq3F5jZEQ=",
      "dev": true
    },
    "finalhandler": {
      "version": "1.1.0",
      "resolved": "http://repo.cards.a2z.com/artifactory/api/npm/npm/finalhandler/-/finalhandler-1.1.0.tgz",
      "integrity": "sha1-zgtoVbRYU+eRsvzGgARtiCU91/U=",
      "requires": {
        "debug": "2.6.9",
        "encodeurl": "1.0.2",
        "escape-html": "1.0.3",
        "on-finished": "2.3.0",
        "parseurl": "1.3.2",
        "statuses": "1.3.1",
        "unpipe": "1.0.0"
      },
      "dependencies": {
        "debug": {
          "version": "2.6.9",
          "resolved": "http://repo.cards.a2z.com/artifactory/api/npm/npm/debug/-/debug-2.6.9.tgz",
          "integrity": "sha1-XRKFFd8TT/Mn6QpMk/Tgd6U2NB8=",
          "requires": {
            "ms": "2.0.0"
          }
        }
      }
    },
    "form-data": {
      "version": "2.3.2",
      "resolved": "http://repo.cards.a2z.com/artifactory/api/npm/npm/form-data/-/form-data-2.3.2.tgz",
      "integrity": "sha1-SXBJi+YEwgwAXU9cI67NIda0kJk=",
      "dev": true,
      "requires": {
        "asynckit": "0.4.0",
        "combined-stream": "1.0.6",
        "mime-types": "2.1.18"
      }
    },
    "formatio": {
      "version": "1.1.1",
      "resolved": "http://repo.cards.a2z.com/artifactory/api/npm/npm/formatio/-/formatio-1.1.1.tgz",
      "integrity": "sha1-XtPM1jZVEJc4NGXZlhmRAOhhYek=",
      "dev": true,
      "requires": {
        "samsam": "1.1.2"
      }
    },
    "formidable": {
      "version": "1.1.1",
      "resolved": "http://repo.cards.a2z.com/artifactory/api/npm/npm/formidable/-/formidable-1.1.1.tgz",
      "integrity": "sha1-lriIb3w8NQi5Mta9cMTTqI818ak=",
      "dev": true
    },
    "forwarded": {
      "version": "0.1.2",
      "resolved": "http://repo.cards.a2z.com/artifactory/api/npm/npm/forwarded/-/forwarded-0.1.2.tgz",
      "integrity": "sha1-mMI9qxF1ZXuMBXPozszZGw/xjIQ="
    },
    "fresh": {
      "version": "0.5.2",
      "resolved": "http://repo.cards.a2z.com/artifactory/api/npm/npm/fresh/-/fresh-0.5.2.tgz",
      "integrity": "sha1-PYyt2Q2XZWn6g1qx+OSyOhBWBac="
    },
    "fs.realpath": {
      "version": "1.0.0",
      "resolved": "http://repo.cards.a2z.com/artifactory/api/npm/npm/fs.realpath/-/fs.realpath-1.0.0.tgz",
      "integrity": "sha1-FQStJSMVjKpA20onh8sBQRmU6k8=",
      "dev": true
    },
    "glob": {
      "version": "7.1.2",
      "resolved": "http://repo.cards.a2z.com/artifactory/api/npm/npm/glob/-/glob-7.1.2.tgz",
      "integrity": "sha1-wZyd+aAocC1nhhI4SmVSQExjbRU=",
      "dev": true,
      "requires": {
        "fs.realpath": "1.0.0",
        "inflight": "1.0.6",
        "inherits": "2.0.3",
        "minimatch": "3.0.4",
        "once": "1.4.0",
        "path-is-absolute": "1.0.1"
      }
    },
    "growl": {
      "version": "1.10.3",
      "resolved": "http://repo.cards.a2z.com/artifactory/api/npm/npm/growl/-/growl-1.10.3.tgz",
      "integrity": "sha1-GSa6kM8+3+KttJJ/WIC8IsZseQ8=",
      "dev": true
    },
    "has-ansi": {
      "version": "2.0.0",
      "resolved": "http://repo.cards.a2z.com/artifactory/api/npm/npm/has-ansi/-/has-ansi-2.0.0.tgz",
      "integrity": "sha1-NPUEnOHs3ysGSa8+8k5F7TVBbZE=",
      "dev": true,
      "requires": {
        "ansi-regex": "2.1.1"
      }
    },
    "has-flag": {
      "version": "2.0.0",
      "resolved": "http://repo.cards.a2z.com/artifactory/api/npm/npm/has-flag/-/has-flag-2.0.0.tgz",
      "integrity": "sha1-6CB68cx7MNRGzHC3NLXovhj4jVE=",
      "dev": true
    },
    "he": {
      "version": "1.1.1",
      "resolved": "http://repo.cards.a2z.com/artifactory/api/npm/npm/he/-/he-1.1.1.tgz",
      "integrity": "sha1-k0EP0hsAlzUVH4howvJx80J+I/0=",
      "dev": true
    },
    "http-errors": {
      "version": "1.6.2",
      "resolved": "http://repo.cards.a2z.com/artifactory/api/npm/npm/http-errors/-/http-errors-1.6.2.tgz",
      "integrity": "sha1-CgAsyFcHGSp+eUbO7cERVfYOxzY=",
      "requires": {
        "depd": "1.1.1",
        "inherits": "2.0.3",
        "setprototypeof": "1.0.3",
        "statuses": "1.3.1"
      },
      "dependencies": {
        "depd": {
          "version": "1.1.1",
          "resolved": "http://repo.cards.a2z.com/artifactory/api/npm/npm/depd/-/depd-1.1.1.tgz",
          "integrity": "sha1-V4O04cRZ8G+lyif5kfPQbnoxA1k="
        },
        "setprototypeof": {
          "version": "1.0.3",
          "resolved": "http://repo.cards.a2z.com/artifactory/api/npm/npm/setprototypeof/-/setprototypeof-1.0.3.tgz",
          "integrity": "sha1-ZlZ+NwQ+608E2RvWWMDL77VbjgQ="
        }
      }
    },
    "iconv-lite": {
      "version": "0.4.19",
      "resolved": "http://repo.cards.a2z.com/artifactory/api/npm/npm/iconv-lite/-/iconv-lite-0.4.19.tgz",
      "integrity": "sha1-90aPYBNfXl2tM5nAqBvpoWA6CCs="
    },
    "inflight": {
      "version": "1.0.6",
      "resolved": "http://repo.cards.a2z.com/artifactory/api/npm/npm/inflight/-/inflight-1.0.6.tgz",
      "integrity": "sha1-Sb1jMdfQLQwJvJEKEHW6gWW1bfk=",
      "dev": true,
      "requires": {
        "once": "1.4.0",
        "wrappy": "1.0.2"
      }
    },
    "inherits": {
      "version": "2.0.3",
      "resolved": "http://repo.cards.a2z.com/artifactory/api/npm/npm/inherits/-/inherits-2.0.3.tgz",
      "integrity": "sha1-Yzwsg+PaQqUC9SRmAiSA9CCCYd4="
    },
    "ipaddr.js": {
      "version": "1.6.0",
      "resolved": "http://repo.cards.a2z.com/artifactory/api/npm/npm/ipaddr.js/-/ipaddr.js-1.6.0.tgz",
      "integrity": "sha1-4/o1e3c9phnybpXwSdBVxyeW+Gs="
    },
    "isarray": {
      "version": "1.0.0",
      "resolved": "http://repo.cards.a2z.com/artifactory/api/npm/npm/isarray/-/isarray-1.0.0.tgz",
      "integrity": "sha1-u5NdSFgsuhaMBoNJV6VKPgcSTxE=",
      "dev": true
    },
    "js-tokens": {
      "version": "3.0.2",
      "resolved": "http://repo.cards.a2z.com/artifactory/api/npm/npm/js-tokens/-/js-tokens-3.0.2.tgz",
      "integrity": "sha1-mGbfOVECEw449/mWvOtlRDIJwls=",
      "dev": true
    },
    "js-yaml": {
      "version": "3.11.0",
      "resolved": "http://repo.cards.a2z.com/artifactory/api/npm/npm/js-yaml/-/js-yaml-3.11.0.tgz",
      "integrity": "sha1-WXwai9VxUvJtYizkEXhRpR9euu8=",
      "dev": true,
      "requires": {
        "argparse": "1.0.10",
        "esprima": "4.0.0"
      }
    },
    "kindof": {
      "version": "1.0.0",
      "resolved": "http://repo.cards.a2z.com/artifactory/api/npm/npm/kindof/-/kindof-1.0.0.tgz",
      "integrity": "sha1-ExiZqFJ1N6lNou3NXMSfxglgZWA=",
      "dev": true
    },
    "lodash": {
      "version": "3.10.1",
      "resolved": "http://repo.cards.a2z.com/artifactory/api/npm/npm/lodash/-/lodash-3.10.1.tgz",
      "integrity": "sha1-W/Rejkm6QYnhfUgnid/RW9FAt7Y=",
      "dev": true
    },
    "lolex": {
      "version": "1.3.2",
      "resolved": "http://repo.cards.a2z.com/artifactory/api/npm/npm/lolex/-/lolex-1.3.2.tgz",
      "integrity": "sha1-fD2mL/yzDw9agKJWbKJORdigHzE=",
      "dev": true
    },
    "media-typer": {
      "version": "0.3.0",
      "resolved": "http://repo.cards.a2z.com/artifactory/api/npm/npm/media-typer/-/media-typer-0.3.0.tgz",
      "integrity": "sha1-hxDXrwqmJvj/+hzgAWhUUmMlV0g="
    },
    "merge-descriptors": {
      "version": "1.0.1",
      "resolved": "http://repo.cards.a2z.com/artifactory/api/npm/npm/merge-descriptors/-/merge-descriptors-1.0.1.tgz",
      "integrity": "sha1-sAqqVW3YtEVoFQ7J0blT8/kMu2E="
    },
    "methods": {
      "version": "1.1.2",
      "resolved": "http://repo.cards.a2z.com/artifactory/api/npm/npm/methods/-/methods-1.1.2.tgz",
      "integrity": "sha1-VSmk1nZUE07cxSZmVoNbD4Ua/O4="
    },
    "mime": {
      "version": "1.6.0",
      "resolved": "http://repo.cards.a2z.com/artifactory/api/npm/npm/mime/-/mime-1.6.0.tgz",
      "integrity": "sha1-Ms2eXGRVO9WNGaVor0Uqz/BJgbE=",
      "dev": true
    },
    "mime-db": {
      "version": "1.33.0",
      "resolved": "http://repo.cards.a2z.com/artifactory/api/npm/npm/mime-db/-/mime-db-1.33.0.tgz",
      "integrity": "sha1-o0kgUKXLm2NFBUHjnZeI0icng9s="
    },
    "mime-types": {
      "version": "2.1.18",
      "resolved": "http://repo.cards.a2z.com/artifactory/api/npm/npm/mime-types/-/mime-types-2.1.18.tgz",
      "integrity": "sha1-bzI/YKg9ERRvgx/xH9ZuL+VQO7g=",
      "requires": {
        "mime-db": "1.33.0"
      }
    },
    "minimatch": {
      "version": "3.0.4",
      "resolved": "http://repo.cards.a2z.com/artifactory/api/npm/npm/minimatch/-/minimatch-3.0.4.tgz",
      "integrity": "sha1-UWbihkV/AzBgZL5Ul+jbsMPTIIM=",
      "dev": true,
      "requires": {
        "brace-expansion": "1.1.11"
      }
    },
    "minimist": {
      "version": "0.0.8",
      "resolved": "http://repo.cards.a2z.com/artifactory/api/npm/npm/minimist/-/minimist-0.0.8.tgz",
      "integrity": "sha1-hX/Kv8M5fSYluCKCYuhqp6ARsF0=",
      "dev": true
    },
    "mkdirp": {
      "version": "0.5.1",
      "resolved": "http://repo.cards.a2z.com/artifactory/api/npm/npm/mkdirp/-/mkdirp-0.5.1.tgz",
      "integrity": "sha1-MAV0OOrGz3+MR2fzhkjWaX11yQM=",
      "dev": true,
      "requires": {
        "minimist": "0.0.8"
      }
    },
    "mocha": {
      "version": "5.0.0",
      "resolved": "http://repo.cards.a2z.com/artifactory/api/npm/npm/mocha/-/mocha-5.0.0.tgz",
      "integrity": "sha1-zMrJiLC8VHcRnLoOQ9569tatj04=",
      "dev": true,
      "requires": {
        "browser-stdout": "1.3.0",
        "commander": "2.11.0",
        "debug": "3.1.0",
        "diff": "3.3.1",
        "escape-string-regexp": "1.0.5",
        "glob": "7.1.2",
        "growl": "1.10.3",
        "he": "1.1.1",
        "mkdirp": "0.5.1",
        "supports-color": "4.4.0"
      }
    },
    "ms": {
      "version": "2.0.0",
      "resolved": "http://repo.cards.a2z.com/artifactory/api/npm/npm/ms/-/ms-2.0.0.tgz",
      "integrity": "sha1-VgiurfwAvmwpAd9fmGF4jeDVl8g="
    },
    "must": {
      "version": "0.12.0",
      "resolved": "http://repo.cards.a2z.com/artifactory/api/npm/npm/must/-/must-0.12.0.tgz",
      "integrity": "sha1-V0HnKb7byLD+K8jFAGRZQVOD0F0=",
      "dev": true,
      "requires": {
        "kindof": "1.0.0"
      }
    },
    "negotiator": {
      "version": "0.6.1",
      "resolved": "http://repo.cards.a2z.com/artifactory/api/npm/npm/negotiator/-/negotiator-0.6.1.tgz",
      "integrity": "sha1-KzJxhOiZIQEXeyhWP7XnECrNDKk="
    },
    "noder.io": {
      "version": "1.2.0",
      "resolved": "http://repo.cards.a2z.com/artifactory/api/npm/npm/noder.io/-/noder.io-1.2.0.tgz",
      "integrity": "sha1-rSvGxsP5RliR7bxtv16E3K4vqeY=",
      "dev": true
    },
    "on-finished": {
      "version": "2.3.0",
      "resolved": "http://repo.cards.a2z.com/artifactory/api/npm/npm/on-finished/-/on-finished-2.3.0.tgz",
      "integrity": "sha1-IPEzZIGwg811M3mSoWlxqi2QaUc=",
      "requires": {
        "ee-first": "1.1.1"
      }
    },
    "once": {
      "version": "1.4.0",
      "resolved": "http://repo.cards.a2z.com/artifactory/api/npm/npm/once/-/once-1.4.0.tgz",
      "integrity": "sha1-WDsap3WWHUsROsF9nFC6753Xa9E=",
      "dev": true,
      "requires": {
        "wrappy": "1.0.2"
      }
    },
    "parseurl": {
      "version": "1.3.2",
      "resolved": "http://repo.cards.a2z.com/artifactory/api/npm/npm/parseurl/-/parseurl-1.3.2.tgz",
      "integrity": "sha1-/CidTtiZMRlGDBViUyYs3I3mW/M="
    },
    "path-is-absolute": {
      "version": "1.0.1",
      "resolved": "http://repo.cards.a2z.com/artifactory/api/npm/npm/path-is-absolute/-/path-is-absolute-1.0.1.tgz",
      "integrity": "sha1-F0uSaHNVNP+8es5r9TpanhtcX18=",
      "dev": true
    },
    "path-parse": {
      "version": "1.0.5",
      "resolved": "http://repo.cards.a2z.com/artifactory/api/npm/npm/path-parse/-/path-parse-1.0.5.tgz",
      "integrity": "sha1-PBrfhx6pzWyUMbbqK9dKD/BVxME=",
      "dev": true
    },
    "path-to-regexp": {
      "version": "0.1.7",
      "resolved": "http://repo.cards.a2z.com/artifactory/api/npm/npm/path-to-regexp/-/path-to-regexp-0.1.7.tgz",
      "integrity": "sha1-32BBeABfUi8V60SQ5yR6G/qmf4w="
    },
    "process-nextick-args": {
      "version": "2.0.0",
      "resolved": "http://repo.cards.a2z.com/artifactory/api/npm/npm/process-nextick-args/-/process-nextick-args-2.0.0.tgz",
      "integrity": "sha1-o31zL0JxtKsa0HDTVQjoKQeI/6o=",
      "dev": true
    },
    "proxy-addr": {
      "version": "2.0.3",
      "resolved": "http://repo.cards.a2z.com/artifactory/api/npm/npm/proxy-addr/-/proxy-addr-2.0.3.tgz",
      "integrity": "sha1-NV8mJQWmIWRrMTCnKOtkfiIFU0E=",
      "requires": {
        "forwarded": "0.1.2",
        "ipaddr.js": "1.6.0"
      }
    },
    "qs": {
      "version": "6.5.1",
      "resolved": "http://repo.cards.a2z.com/artifactory/api/npm/npm/qs/-/qs-6.5.1.tgz",
      "integrity": "sha1-NJzfbu+J7EXBLX1es/wMhwNDptg="
    },
    "range-parser": {
      "version": "1.2.0",
      "resolved": "http://repo.cards.a2z.com/artifactory/api/npm/npm/range-parser/-/range-parser-1.2.0.tgz",
      "integrity": "sha1-9JvmtIeJTdxA3MlKMi9hEJLgDV4="
    },
    "raw-body": {
      "version": "2.3.2",
      "resolved": "http://repo.cards.a2z.com/artifactory/api/npm/npm/raw-body/-/raw-body-2.3.2.tgz",
      "integrity": "sha1-vNYMd9Prk83gBQKVw/N5OJvIj4k=",
      "requires": {
        "bytes": "3.0.0",
        "http-errors": "1.6.2",
        "iconv-lite": "0.4.19",
        "unpipe": "1.0.0"
      }
    },
    "readable-stream": {
      "version": "2.3.5",
      "resolved": "http://repo.cards.a2z.com/artifactory/api/npm/npm/readable-stream/-/readable-stream-2.3.5.tgz",
      "integrity": "sha1-tPhQA6k4y7bsvOKhJPsQEr0ag40=",
      "dev": true,
      "requires": {
        "core-util-is": "1.0.2",
        "inherits": "2.0.3",
        "isarray": "1.0.0",
        "process-nextick-args": "2.0.0",
        "safe-buffer": "5.1.1",
        "string_decoder": "1.0.3",
        "util-deprecate": "1.0.2"
      }
    },
    "reduce-component": {
      "version": "1.0.1",
      "resolved": "http://repo.cards.a2z.com/artifactory/api/npm/npm/reduce-component/-/reduce-component-1.0.1.tgz",
      "integrity": "sha1-4Mk1QsV0UhvqE98PlIjtgqt3xdo=",
      "dev": true
    },
    "resolve": {
      "version": "1.5.0",
      "resolved": "http://repo.cards.a2z.com/artifactory/api/npm/npm/resolve/-/resolve-1.5.0.tgz",
      "integrity": "sha1-HwmsznlsmnYlefMbLBzEw83fnzY=",
      "dev": true,
      "requires": {
        "path-parse": "1.0.5"
      }
    },
    "safe-buffer": {
      "version": "5.1.1",
      "resolved": "http://repo.cards.a2z.com/artifactory/api/npm/npm/safe-buffer/-/safe-buffer-5.1.1.tgz",
      "integrity": "sha1-iTMSr2myEj3vcfV4iQAWce6yyFM="
    },
    "samsam": {
      "version": "1.1.2",
      "resolved": "http://repo.cards.a2z.com/artifactory/api/npm/npm/samsam/-/samsam-1.1.2.tgz",
      "integrity": "sha1-vsEf3IOp/aBjQBIQ5AF2wwJNFWc=",
      "dev": true
    },
    "semver": {
      "version": "5.5.0",
      "resolved": "http://repo.cards.a2z.com/artifactory/api/npm/npm/semver/-/semver-5.5.0.tgz",
      "integrity": "sha1-3Eu8emyp2Rbe5dQ1FvAJK1j3uKs=",
      "dev": true
    },
    "send": {
      "version": "0.16.1",
      "resolved": "http://repo.cards.a2z.com/artifactory/api/npm/npm/send/-/send-0.16.1.tgz",
      "integrity": "sha1-pw4coh0TgsEdDZ9iMd6ygQgNerM=",
      "requires": {
        "debug": "2.6.9",
        "depd": "1.1.2",
        "destroy": "1.0.4",
        "encodeurl": "1.0.2",
        "escape-html": "1.0.3",
        "etag": "1.8.1",
        "fresh": "0.5.2",
        "http-errors": "1.6.2",
        "mime": "1.4.1",
        "ms": "2.0.0",
        "on-finished": "2.3.0",
        "range-parser": "1.2.0",
        "statuses": "1.3.1"
      },
      "dependencies": {
        "debug": {
          "version": "2.6.9",
          "resolved": "http://repo.cards.a2z.com/artifactory/api/npm/npm/debug/-/debug-2.6.9.tgz",
          "integrity": "sha1-XRKFFd8TT/Mn6QpMk/Tgd6U2NB8=",
          "requires": {
            "ms": "2.0.0"
          }
        },
        "mime": {
          "version": "1.4.1",
          "resolved": "http://repo.cards.a2z.com/artifactory/api/npm/npm/mime/-/mime-1.4.1.tgz",
          "integrity": "sha1-Eh+evEnjdm8xGnbh+hyAA8SwOqY="
        }
      }
    },
    "serve-static": {
      "version": "1.13.1",
      "resolved": "http://repo.cards.a2z.com/artifactory/api/npm/npm/serve-static/-/serve-static-1.13.1.tgz",
      "integrity": "sha1-TFfVNASnYdjy58HooYpH2/J4pxk=",
      "requires": {
        "encodeurl": "1.0.2",
        "escape-html": "1.0.3",
        "parseurl": "1.3.2",
        "send": "0.16.1"
      }
    },
    "setprototypeof": {
      "version": "1.1.0",
      "resolved": "http://repo.cards.a2z.com/artifactory/api/npm/npm/setprototypeof/-/setprototypeof-1.1.0.tgz",
      "integrity": "sha1-0L2FU2iHtv58DYGMuWLZ2RxU5lY="
    },
    "should": {
      "version": "6.0.3",
      "resolved": "http://repo.cards.a2z.com/artifactory/api/npm/npm/should/-/should-6.0.3.tgz",
      "integrity": "sha1-2u4weGpVdmL7x3TACNfFh5Htsdk=",
      "dev": true,
      "requires": {
        "should-equal": "0.3.1",
        "should-format": "0.0.7",
        "should-type": "0.0.4"
      }
    },
    "should-equal": {
      "version": "0.3.1",
      "resolved": "http://repo.cards.a2z.com/artifactory/api/npm/npm/should-equal/-/should-equal-0.3.1.tgz",
      "integrity": "sha1-vY6pemdI45+tR2o75v1y68LnK/A=",
      "dev": true,
      "requires": {
        "should-type": "0.0.4"
      }
    },
    "should-format": {
      "version": "0.0.7",
      "resolved": "http://repo.cards.a2z.com/artifactory/api/npm/npm/should-format/-/should-format-0.0.7.tgz",
      "integrity": "sha1-Hi74a9kdqcLgQSM1tWq6vZov3hI=",
      "dev": true,
      "requires": {
        "should-type": "0.0.4"
      }
    },
    "should-type": {
      "version": "0.0.4",
      "resolved": "http://repo.cards.a2z.com/artifactory/api/npm/npm/should-type/-/should-type-0.0.4.tgz",
      "integrity": "sha1-ATKgVBemEmhmQmrPEW8e1WI6XNA=",
      "dev": true
    },
    "sinon": {
      "version": "1.17.7",
      "resolved": "http://repo.cards.a2z.com/artifactory/api/npm/npm/sinon/-/sinon-1.17.7.tgz",
      "integrity": "sha1-RUKk9JugxFwF6y6d2dID4rjv4L8=",
      "dev": true,
      "requires": {
        "formatio": "1.1.1",
        "lolex": "1.3.2",
        "samsam": "1.1.2",
        "util": "0.10.3"
      }
    },
    "sprintf-js": {
      "version": "1.0.3",
      "resolved": "http://repo.cards.a2z.com/artifactory/api/npm/npm/sprintf-js/-/sprintf-js-1.0.3.tgz",
      "integrity": "sha1-BOaSb2YolTVPPdAVIDYzuFcpfiw=",
      "dev": true
    },
    "statuses": {
      "version": "1.3.1",
      "resolved": "http://repo.cards.a2z.com/artifactory/api/npm/npm/statuses/-/statuses-1.3.1.tgz",
      "integrity": "sha1-+vUbnrdKrvOzrPStX2Gr8ky3uT4="
    },
    "string_decoder": {
      "version": "1.0.3",
      "resolved": "http://repo.cards.a2z.com/artifactory/api/npm/npm/string_decoder/-/string_decoder-1.0.3.tgz",
      "integrity": "sha1-D8Z9fBQYJd6UKC3VNr7GubzoYKs=",
      "dev": true,
      "requires": {
        "safe-buffer": "5.1.1"
      }
    },
    "strip-ansi": {
      "version": "3.0.1",
      "resolved": "http://repo.cards.a2z.com/artifactory/api/npm/npm/strip-ansi/-/strip-ansi-3.0.1.tgz",
      "integrity": "sha1-ajhfuIU9lS1f8F0Oiq+UJ43GPc8=",
      "dev": true,
      "requires": {
        "ansi-regex": "2.1.1"
      }
    },
    "superagent": {
      "version": "3.8.2",
      "resolved": "http://repo.cards.a2z.com/artifactory/api/npm/npm/superagent/-/superagent-3.8.2.tgz",
      "integrity": "sha1-5KEbnQR/fT7+s7vlNtnsACHRZAM=",
      "dev": true,
      "requires": {
        "component-emitter": "1.2.1",
        "cookiejar": "2.1.1",
        "debug": "3.1.0",
        "extend": "3.0.1",
        "form-data": "2.3.2",
        "formidable": "1.1.1",
        "methods": "1.1.2",
        "mime": "1.6.0",
        "qs": "6.5.1",
        "readable-stream": "2.3.5"
      }
    },
    "supertest": {
      "version": "3.0.0",
      "resolved": "http://repo.cards.a2z.com/artifactory/api/npm/npm/supertest/-/supertest-3.0.0.tgz",
      "integrity": "sha1-jUu2j9GDDuBwM7HFpamkAhyWUpY=",
      "dev": true,
      "requires": {
        "methods": "1.1.2",
        "superagent": "3.8.2"
      }
    },
    "supports-color": {
      "version": "4.4.0",
      "resolved": "http://repo.cards.a2z.com/artifactory/api/npm/npm/supports-color/-/supports-color-4.4.0.tgz",
      "integrity": "sha1-iD992rwWUUKyphQn8zUt7RldGj4=",
      "dev": true,
      "requires": {
        "has-flag": "2.0.0"
      }
    },
    "tslib": {
      "version": "1.9.0",
      "resolved": "http://repo.cards.a2z.com/artifactory/api/npm/npm/tslib/-/tslib-1.9.0.tgz",
      "integrity": "sha1-43qG/ajLuvI6BX9HPJ9Nxk5fwug=",
      "dev": true
    },
    "tslint": {
      "version": "5.9.1",
      "resolved": "http://repo.cards.a2z.com/artifactory/api/npm/npm/tslint/-/tslint-5.9.1.tgz",
      "integrity": "sha1-ElX4ej/1frCw4fDmEKi0dIBGya4=",
      "dev": true,
      "requires": {
        "babel-code-frame": "6.26.0",
        "builtin-modules": "1.1.1",
        "chalk": "2.3.2",
        "commander": "2.14.1",
        "diff": "3.3.1",
        "glob": "7.1.2",
        "js-yaml": "3.11.0",
        "minimatch": "3.0.4",
        "resolve": "1.5.0",
        "semver": "5.5.0",
        "tslib": "1.9.0",
        "tsutils": "2.22.2"
      },
      "dependencies": {
        "commander": {
          "version": "2.14.1",
          "resolved": "http://repo.cards.a2z.com/artifactory/api/npm/npm/commander/-/commander-2.14.1.tgz",
          "integrity": "sha1-IjUSPjevjKPGXfRbAm29NXsBuao=",
          "dev": true
        }
      }
    },
    "tsutils": {
      "version": "2.22.2",
      "resolved": "http://repo.cards.a2z.com/artifactory/api/npm/npm/tsutils/-/tsutils-2.22.2.tgz",
      "integrity": "sha1-C589h6o+uVvTLSbOK4iqMppleVE=",
      "dev": true,
      "requires": {
        "tslib": "1.9.0"
      }
    },
    "type-is": {
      "version": "1.6.16",
      "resolved": "http://repo.cards.a2z.com/artifactory/api/npm/npm/type-is/-/type-is-1.6.16.tgz",
      "integrity": "sha1-+JzjQVQcZysl7nrjxz3uOyvlAZQ=",
      "requires": {
        "media-typer": "0.3.0",
        "mime-types": "2.1.18"
      }
    },
    "typescript": {
      "version": "2.7.2",
      "resolved": "http://repo.cards.a2z.com/artifactory/api/npm/npm/typescript/-/typescript-2.7.2.tgz",
      "integrity": "sha1-LWFaHvSu5PV0Qlzf9wJu34GRmDY=",
      "dev": true
    },
    "unit.js": {
      "version": "2.0.0",
      "resolved": "http://repo.cards.a2z.com/artifactory/api/npm/npm/unit.js/-/unit.js-2.0.0.tgz",
      "integrity": "sha1-6RtWq8UMUw26A82/4OHfKj7jqjI=",
      "dev": true,
      "requires": {
        "bluebird": "2.11.0",
        "lodash": "3.10.1",
        "must": "0.12.0",
        "noder.io": "1.2.0",
        "should": "6.0.3",
        "sinon": "1.17.7",
        "supertest": "0.15.0"
      },
      "dependencies": {
        "combined-stream": {
          "version": "0.0.7",
          "resolved": "http://repo.cards.a2z.com/artifactory/api/npm/npm/combined-stream/-/combined-stream-0.0.7.tgz",
          "integrity": "sha1-ATfmV7qlp1QcV6w3rF/AfXO03B8=",
          "dev": true,
          "requires": {
            "delayed-stream": "0.0.5"
          }
        },
        "component-emitter": {
          "version": "1.1.2",
          "resolved": "http://repo.cards.a2z.com/artifactory/api/npm/npm/component-emitter/-/component-emitter-1.1.2.tgz",
          "integrity": "sha1-KWWU8nU9qmOZbSrwjRWpURbJrsM=",
          "dev": true
        },
        "cookiejar": {
          "version": "2.0.1",
          "resolved": "http://repo.cards.a2z.com/artifactory/api/npm/npm/cookiejar/-/cookiejar-2.0.1.tgz",
          "integrity": "sha1-PRJ1L2rfaKiS8zJDNJK9WBK7Zo8=",
          "dev": true
        },
        "debug": {
          "version": "2.6.9",
          "resolved": "http://repo.cards.a2z.com/artifactory/api/npm/npm/debug/-/debug-2.6.9.tgz",
          "integrity": "sha1-XRKFFd8TT/Mn6QpMk/Tgd6U2NB8=",
          "dev": true,
          "requires": {
            "ms": "2.0.0"
          }
        },
        "delayed-stream": {
          "version": "0.0.5",
          "resolved": "http://repo.cards.a2z.com/artifactory/api/npm/npm/delayed-stream/-/delayed-stream-0.0.5.tgz",
          "integrity": "sha1-1LH0OpPoKW3+AmlPRoC8N6MTxz8=",
          "dev": true
        },
        "extend": {
          "version": "1.2.1",
          "resolved": "http://repo.cards.a2z.com/artifactory/api/npm/npm/extend/-/extend-1.2.1.tgz",
          "integrity": "sha1-oPX9bPyDpf5J72mNYOyKYk3UV2w=",
          "dev": true
        },
        "form-data": {
          "version": "0.1.3",
          "resolved": "http://repo.cards.a2z.com/artifactory/api/npm/npm/form-data/-/form-data-0.1.3.tgz",
          "integrity": "sha1-TuQ0bm61Ni6DRKAgdb2NvYxzc+o=",
          "dev": true,
          "requires": {
            "async": "0.9.2",
            "combined-stream": "0.0.7",
            "mime": "1.2.11"
          }
        },
        "formidable": {
          "version": "1.0.14",
          "resolved": "http://repo.cards.a2z.com/artifactory/api/npm/npm/formidable/-/formidable-1.0.14.tgz",
          "integrity": "sha1-Kz9MQRy7X91pXESEPiojUUpDIxo=",
          "dev": true
        },
        "isarray": {
          "version": "0.0.1",
          "resolved": "http://repo.cards.a2z.com/artifactory/api/npm/npm/isarray/-/isarray-0.0.1.tgz",
          "integrity": "sha1-ihis/Kmo9Bd+Cav8YDiTmwXR7t8=",
          "dev": true
        },
        "mime": {
          "version": "1.2.11",
          "resolved": "http://repo.cards.a2z.com/artifactory/api/npm/npm/mime/-/mime-1.2.11.tgz",
          "integrity": "sha1-WCA+7Ybjpe8XrtK32evUfwpg3RA=",
          "dev": true
        },
        "qs": {
          "version": "1.2.0",
          "resolved": "http://repo.cards.a2z.com/artifactory/api/npm/npm/qs/-/qs-1.2.0.tgz",
          "integrity": "sha1-7Qeb4oaCFH5v2aNMwrDB4OxkU+4=",
          "dev": true
        },
        "readable-stream": {
          "version": "1.0.27-1",
          "resolved": "http://repo.cards.a2z.com/artifactory/api/npm/npm/readable-stream/-/readable-stream-1.0.27-1.tgz",
          "integrity": "sha1-a2eYPCA1fO/QfwFlABoW1xDZEHg=",
          "dev": true,
          "requires": {
            "core-util-is": "1.0.2",
            "inherits": "2.0.3",
            "isarray": "0.0.1",
            "string_decoder": "0.10.31"
          }
        },
        "string_decoder": {
          "version": "0.10.31",
          "resolved": "http://repo.cards.a2z.com/artifactory/api/npm/npm/string_decoder/-/string_decoder-0.10.31.tgz",
          "integrity": "sha1-YuIDvEF2bGwoyfyEMB2rHFMQ+pQ=",
          "dev": true
        },
        "superagent": {
          "version": "0.21.0",
          "resolved": "http://repo.cards.a2z.com/artifactory/api/npm/npm/superagent/-/superagent-0.21.0.tgz",
          "integrity": "sha1-+xUCeYR1HucVIgDmzSHNbhml3oc=",
          "dev": true,
          "requires": {
            "component-emitter": "1.1.2",
            "cookiejar": "2.0.1",
            "debug": "2.6.9",
            "extend": "1.2.1",
            "form-data": "0.1.3",
            "formidable": "1.0.14",
            "methods": "1.0.1",
            "mime": "1.2.11",
            "qs": "1.2.0",
            "readable-stream": "1.0.27-1",
            "reduce-component": "1.0.1"
          },
          "dependencies": {
            "methods": {
              "version": "1.0.1",
              "resolved": "http://repo.cards.a2z.com/artifactory/api/npm/npm/methods/-/methods-1.0.1.tgz",
              "integrity": "sha1-dbyRlD3/19oDfPPusO1zoAN80Us=",
              "dev": true
            }
          }
        },
        "supertest": {
          "version": "0.15.0",
          "resolved": "http://repo.cards.a2z.com/artifactory/api/npm/npm/supertest/-/supertest-0.15.0.tgz",
          "integrity": "sha1-hhGGld5L5Yhps+6UxF4dCEyn+sU=",
          "dev": true,
          "requires": {
            "methods": "1.1.2",
            "superagent": "0.21.0"
          }
        }
      }
    },
    "unpipe": {
      "version": "1.0.0",
      "resolved": "http://repo.cards.a2z.com/artifactory/api/npm/npm/unpipe/-/unpipe-1.0.0.tgz",
      "integrity": "sha1-sr9O6FFKrmFltIF4KdIbLvSZBOw="
    },
    "util": {
      "version": "0.10.3",
      "resolved": "http://repo.cards.a2z.com/artifactory/api/npm/npm/util/-/util-0.10.3.tgz",
      "integrity": "sha1-evsa/lCAUkZInj23/g7TeTNqwPk=",
      "dev": true,
      "requires": {
        "inherits": "2.0.1"
      },
      "dependencies": {
        "inherits": {
          "version": "2.0.1",
          "resolved": "http://repo.cards.a2z.com/artifactory/api/npm/npm/inherits/-/inherits-2.0.1.tgz",
          "integrity": "sha1-sX0I0ya0Qj5Wjv9xn5GwscvfafE=",
          "dev": true
        }
      }
    },
    "util-deprecate": {
      "version": "1.0.2",
      "resolved": "http://repo.cards.a2z.com/artifactory/api/npm/npm/util-deprecate/-/util-deprecate-1.0.2.tgz",
      "integrity": "sha1-RQ1Nyfpw3nMnYvvS1KKJgUGaDM8=",
      "dev": true
    },
    "utils-merge": {
      "version": "1.0.1",
      "resolved": "http://repo.cards.a2z.com/artifactory/api/npm/npm/utils-merge/-/utils-merge-1.0.1.tgz",
      "integrity": "sha1-n5VxD1CiZ5R7LMwSR0HBAoQn5xM="
    },
    "vary": {
      "version": "1.1.2",
      "resolved": "http://repo.cards.a2z.com/artifactory/api/npm/npm/vary/-/vary-1.1.2.tgz",
      "integrity": "sha1-IpnwLG3tMNSllhsLn3RSShj2NPw="
    },
    "wrappy": {
      "version": "1.0.2",
      "resolved": "http://repo.cards.a2z.com/artifactory/api/npm/npm/wrappy/-/wrappy-1.0.2.tgz",
      "integrity": "sha1-tSQ9jz7BqjXxNkYFvA0QNuMKtp8=",
      "dev": true
    }
  }
}
